# generated by rye
# use `rye lock` or `rye sync` to update this lockfile
#
# last locked with the following flags:
#   pre: false
#   features: []
#   all-features: false
#   with-sources: false
#   generate-hashes: false
#   universal: false

-e file:.
annotated-types==0.7.0
    # via pydantic
boto3==1.35.37
    # via s3tethys
botocore==1.35.37
    # via boto3
    # via s3transfer
certifi==2024.8.30
    # via requests
cftime==1.6.4
    # via hdf5tools
charset-normalizer==3.4.0
    # via requests
h5py==3.12.1
    # via hdf5plugin
    # via hdf5tools
hdf5plugin==5.0.0
    # via hdf5tools
hdf5tools==0.4.3
    # via tethysts
idna==3.10
    # via requests
jmespath==1.0.1
    # via boto3
    # via botocore
numpy==2.1.2
    # via cftime
    # via h5py
    # via pandas
    # via scipy
    # via shapely
    # via xarray
orjson==3.10.7
    # via tethys-data-models
    # via tethysts
packaging==24.1
    # via xarray
pandas==2.2.3
    # via s3tethys
    # via tethysts
    # via xarray
pydantic==2.9.2
    # via s3tethys
    # via tethys-data-models
pydantic-core==2.23.4
    # via pydantic
python-dateutil==2.9.0.post0
    # via botocore
    # via pandas
pytz==2024.2
    # via pandas
requests==2.32.3
    # via s3tethys
    # via tethysts
s3tethys==0.1.4
    # via tethysts
s3transfer==0.10.3
    # via boto3
scipy==1.14.1
    # via tethysts
shapely==2.0.6
    # via tethysts
six==1.16.0
    # via python-dateutil
smart-open==7.0.5
    # via s3tethys
tethys-data-models==0.4.11
    # via tethysts
typing-extensions==4.12.2
    # via pydantic
    # via pydantic-core
tzdata==2024.2
    # via pandas
urllib3==2.2.3
    # via botocore
    # via requests
wrapt==1.16.0
    # via smart-open
xarray==2024.9.0
    # via hdf5tools
    # via tethysts
zstandard==0.23.0
    # via s3tethys
